
Microsoft Visual Studio Solution File, Format Version 12.00
# Visual Studio Version 16
VisualStudioVersion = 16.0.30330.147
MinimumVisualStudioVersion = 10.0.40219.1
Project("{9A19103F-16F7-4668-BE54-9A1E7A4F7556}") = "AlterTime", "AlterTime\AlterTime.csproj", "{7E0EF799-C904-44A2-B79D-142DE959A477}"
EndProject
Global
	GlobalSection(SolutionConfigurationPlatforms) = preSolution
		Debug|Any CPU = Debug|Any CPU
		Release|Any CPU = Release|Any CPU
	EndGlobalSection
	GlobalSection(ProjectConfigurationPlatforms) = postSolution
		{7E0EF799-C904-44A2-B79D-142DE959A477}.Debug|Any CPU.ActiveCfg = Debug|Any CPU
		{7E0EF799-C904-44A2-B79D-142DE959A477}.Debug|Any CPU.Build.0 = Debug|Any CPU
		{7E0EF799-C904-44A2-B79D-142DE959A477}.Release|Any CPU.ActiveCfg = Release|Any CPU
		{7E0EF799-C904-44A2-B79D-142DE959A477}.Release|Any CPU.Build.0 = Release|Any CPU
	EndGlobalSection
	GlobalSection(SolutionProperties) = preSolution
		HideSolutionNode = FALSE
	EndGlobalSection
	GlobalSection(ExtensibilityGlobals) = postSolution
		SolutionGuid = {DBDD4510-A1A1-4B0D-8C6B-31F7777741EC}
	EndGlobalSection
EndGlobal
